
Microsoft Visual Studio Solution File, Format Version 12.00
# Visual Studio Version 17
VisualStudioVersion = 17.2.32516.85
MinimumVisualStudioVersion = 10.0.40219.1
Project("{2150E333-8FDC-42A3-9474-1A3956D46DE8}") = "src", "src", "{85EBA0C9-95EE-497D-93E9-DD3970F7ACC2}"
EndProject
Project("{2150E333-8FDC-42A3-9474-1A3956D46DE8}") = "Bilding Blocks", "Bilding Blocks", "{26361A66-71E6-41A8-9AE6-31DB84AFE13B}"
EndProject
Project("{2150E333-8FDC-42A3-9474-1A3956D46DE8}") = "Web", "Web", "{393A3E8D-6948-4B67-9BF3-60D5B5B7D9D9}"
EndProject
Project("{2150E333-8FDC-42A3-9474-1A3956D46DE8}") = "Service", "Service", "{564F84C7-71FC-4094-B042-CF5EA50BB94D}"
EndProject
Project("{2150E333-8FDC-42A3-9474-1A3956D46DE8}") = "Identidade", "Identidade", "{4477FD56-81DB-4544-832E-84C7B4E669AC}"
EndProject
Project("{9A19103F-16F7-4668-BE54-9A1E7A4F7556}") = "NSE.Identidade.API", "src\services\NSE.Identidade.API\NSE.Identidade.API.csproj", "{A76581E2-A4B0-464F-8F87-F9CCF34C168C}"
EndProject
Project("{2150E333-8FDC-42A3-9474-1A3956D46DE8}") = "MVC", "MVC", "{0664C73B-8EFE-4D5C-9A41-406CCC706B3C}"
EndProject
Project("{2150E333-8FDC-42A3-9474-1A3956D46DE8}") = "Core", "Core", "{1A5353E8-F6A7-4D23-AB6A-2B6461CF4ED1}"
EndProject
Project("{9A19103F-16F7-4668-BE54-9A1E7A4F7556}") = "NSE.Core", "src\building blocks\NSE.Core\NSE.Core.csproj", "{CFBD2F0E-7370-44FB-A2BD-962297CC80B5}"
EndProject
Project("{9A19103F-16F7-4668-BE54-9A1E7A4F7556}") = "NSE.WebApp.MVC", "src\web\mvc\NSE.WebApp.MVC\NSE.WebApp.MVC.csproj", "{3EEE11BC-FC8A-4826-BDEB-BFE063C2108C}"
EndProject
Project("{2150E333-8FDC-42A3-9474-1A3956D46DE8}") = "Carrinho", "Carrinho", "{7D9E2BE9-ABB9-47FB-B4FE-63F82D950635}"
EndProject
Project("{2150E333-8FDC-42A3-9474-1A3956D46DE8}") = "Catalogo", "Catalogo", "{3036B660-3F1A-48A7-9180-100369EF2747}"
EndProject
Project("{2150E333-8FDC-42A3-9474-1A3956D46DE8}") = "Cliente", "Cliente", "{2DCE3FB7-E855-475A-97C2-321559C6A133}"
EndProject
Project("{2150E333-8FDC-42A3-9474-1A3956D46DE8}") = "Pagamento", "Pagamento", "{CFB15D4A-C335-45E1-9668-078C37DBC61B}"
EndProject
Project("{2150E333-8FDC-42A3-9474-1A3956D46DE8}") = "Pedido", "Pedido", "{9DD15D4A-9F2C-44CD-84E6-43CEB2B692AC}"
EndProject
Project("{9A19103F-16F7-4668-BE54-9A1E7A4F7556}") = "NSe.Catalogo.API", "src\services\NSe.Catalogo.API\NSe.Catalogo.API.csproj", "{F06D0AE6-CA93-4F4E-9B7E-EAF42582B359}"
EndProject
Project("{2150E333-8FDC-42A3-9474-1A3956D46DE8}") = "Services", "Services", "{5544D8EA-4C99-4DBC-8C1F-E670F6B6AF11}"
EndProject
Project("{9A19103F-16F7-4668-BE54-9A1E7A4F7556}") = "NSE.WebApi.Core", "src\building blocks\NSE.WebApi.Core\NSE.WebApi.Core.csproj", "{5E12D7B2-10D0-4CF8-A16E-6E57A99A28D2}"
EndProject
Project("{FAE04EC0-301F-11D3-BF4B-00C04F79EFBC}") = "NSE.Clientes.API", "src\services\NSE.Clientes.API\NSE.Clientes.API.csproj", "{F9C1BED6-6D69-4897-80A5-0A5D38A0A183}"
EndProject
Global
	GlobalSection(SolutionConfigurationPlatforms) = preSolution
		Debug|Any CPU = Debug|Any CPU
		Release|Any CPU = Release|Any CPU
	EndGlobalSection
	GlobalSection(ProjectConfigurationPlatforms) = postSolution
		{A76581E2-A4B0-464F-8F87-F9CCF34C168C}.Debug|Any CPU.ActiveCfg = Debug|Any CPU
		{A76581E2-A4B0-464F-8F87-F9CCF34C168C}.Debug|Any CPU.Build.0 = Debug|Any CPU
		{A76581E2-A4B0-464F-8F87-F9CCF34C168C}.Release|Any CPU.ActiveCfg = Release|Any CPU
		{A76581E2-A4B0-464F-8F87-F9CCF34C168C}.Release|Any CPU.Build.0 = Release|Any CPU
		{CFBD2F0E-7370-44FB-A2BD-962297CC80B5}.Debug|Any CPU.ActiveCfg = Debug|Any CPU
		{CFBD2F0E-7370-44FB-A2BD-962297CC80B5}.Debug|Any CPU.Build.0 = Debug|Any CPU
		{CFBD2F0E-7370-44FB-A2BD-962297CC80B5}.Release|Any CPU.ActiveCfg = Release|Any CPU
		{CFBD2F0E-7370-44FB-A2BD-962297CC80B5}.Release|Any CPU.Build.0 = Release|Any CPU
		{3EEE11BC-FC8A-4826-BDEB-BFE063C2108C}.Debug|Any CPU.ActiveCfg = Debug|Any CPU
		{3EEE11BC-FC8A-4826-BDEB-BFE063C2108C}.Debug|Any CPU.Build.0 = Debug|Any CPU
		{3EEE11BC-FC8A-4826-BDEB-BFE063C2108C}.Release|Any CPU.ActiveCfg = Release|Any CPU
		{3EEE11BC-FC8A-4826-BDEB-BFE063C2108C}.Release|Any CPU.Build.0 = Release|Any CPU
		{F06D0AE6-CA93-4F4E-9B7E-EAF42582B359}.Debug|Any CPU.ActiveCfg = Debug|Any CPU
		{F06D0AE6-CA93-4F4E-9B7E-EAF42582B359}.Debug|Any CPU.Build.0 = Debug|Any CPU
		{F06D0AE6-CA93-4F4E-9B7E-EAF42582B359}.Release|Any CPU.ActiveCfg = Release|Any CPU
		{F06D0AE6-CA93-4F4E-9B7E-EAF42582B359}.Release|Any CPU.Build.0 = Release|Any CPU
		{5E12D7B2-10D0-4CF8-A16E-6E57A99A28D2}.Debug|Any CPU.ActiveCfg = Debug|Any CPU
		{5E12D7B2-10D0-4CF8-A16E-6E57A99A28D2}.Debug|Any CPU.Build.0 = Debug|Any CPU
		{5E12D7B2-10D0-4CF8-A16E-6E57A99A28D2}.Release|Any CPU.ActiveCfg = Release|Any CPU
		{5E12D7B2-10D0-4CF8-A16E-6E57A99A28D2}.Release|Any CPU.Build.0 = Release|Any CPU
		{F9C1BED6-6D69-4897-80A5-0A5D38A0A183}.Debug|Any CPU.ActiveCfg = Debug|Any CPU
		{F9C1BED6-6D69-4897-80A5-0A5D38A0A183}.Debug|Any CPU.Build.0 = Debug|Any CPU
		{F9C1BED6-6D69-4897-80A5-0A5D38A0A183}.Release|Any CPU.ActiveCfg = Release|Any CPU
		{F9C1BED6-6D69-4897-80A5-0A5D38A0A183}.Release|Any CPU.Build.0 = Release|Any CPU
	EndGlobalSection
	GlobalSection(SolutionProperties) = preSolution
		HideSolutionNode = FALSE
	EndGlobalSection
	GlobalSection(NestedProjects) = preSolution
		{26361A66-71E6-41A8-9AE6-31DB84AFE13B} = {85EBA0C9-95EE-497D-93E9-DD3970F7ACC2}
		{393A3E8D-6948-4B67-9BF3-60D5B5B7D9D9} = {85EBA0C9-95EE-497D-93E9-DD3970F7ACC2}
		{564F84C7-71FC-4094-B042-CF5EA50BB94D} = {85EBA0C9-95EE-497D-93E9-DD3970F7ACC2}
		{4477FD56-81DB-4544-832E-84C7B4E669AC} = {564F84C7-71FC-4094-B042-CF5EA50BB94D}
		{A76581E2-A4B0-464F-8F87-F9CCF34C168C} = {4477FD56-81DB-4544-832E-84C7B4E669AC}
		{0664C73B-8EFE-4D5C-9A41-406CCC706B3C} = {393A3E8D-6948-4B67-9BF3-60D5B5B7D9D9}
		{1A5353E8-F6A7-4D23-AB6A-2B6461CF4ED1} = {26361A66-71E6-41A8-9AE6-31DB84AFE13B}
		{CFBD2F0E-7370-44FB-A2BD-962297CC80B5} = {1A5353E8-F6A7-4D23-AB6A-2B6461CF4ED1}
		{3EEE11BC-FC8A-4826-BDEB-BFE063C2108C} = {0664C73B-8EFE-4D5C-9A41-406CCC706B3C}
		{7D9E2BE9-ABB9-47FB-B4FE-63F82D950635} = {564F84C7-71FC-4094-B042-CF5EA50BB94D}
		{3036B660-3F1A-48A7-9180-100369EF2747} = {564F84C7-71FC-4094-B042-CF5EA50BB94D}
		{2DCE3FB7-E855-475A-97C2-321559C6A133} = {564F84C7-71FC-4094-B042-CF5EA50BB94D}
		{CFB15D4A-C335-45E1-9668-078C37DBC61B} = {564F84C7-71FC-4094-B042-CF5EA50BB94D}
		{9DD15D4A-9F2C-44CD-84E6-43CEB2B692AC} = {564F84C7-71FC-4094-B042-CF5EA50BB94D}
		{F06D0AE6-CA93-4F4E-9B7E-EAF42582B359} = {3036B660-3F1A-48A7-9180-100369EF2747}
		{5544D8EA-4C99-4DBC-8C1F-E670F6B6AF11} = {26361A66-71E6-41A8-9AE6-31DB84AFE13B}
		{5E12D7B2-10D0-4CF8-A16E-6E57A99A28D2} = {5544D8EA-4C99-4DBC-8C1F-E670F6B6AF11}
		{F9C1BED6-6D69-4897-80A5-0A5D38A0A183} = {2DCE3FB7-E855-475A-97C2-321559C6A133}
	EndGlobalSection
	GlobalSection(ExtensibilityGlobals) = postSolution
		SolutionGuid = {99C7AD27-790C-451A-8135-9077D6D0D4A9}
	EndGlobalSection
EndGlobal
